
Microsoft Visual Studio Solution File, Format Version 12.00
# Visual Studio Version 17
VisualStudioVersion = 17.9.34701.34
MinimumVisualStudioVersion = 10.0.40219.1
Project("{FAE04EC0-301F-11D3-BF4B-00C04F79EFBC}") = "ArmstrongNumbers", "ArmstrongNumbers\ArmstrongNumbers.csproj", "{55D98C95-E02E-44DA-9906-A8E44A8AC655}"
EndProject
Global
	GlobalSection(SolutionConfigurationPlatforms) = preSolution
		Debug|Any CPU = Debug|Any CPU
		Release|Any CPU = Release|Any CPU
	EndGlobalSection
	GlobalSection(ProjectConfigurationPlatforms) = postSolution
		{55D98C95-E02E-44DA-9906-A8E44A8AC655}.Debug|Any CPU.ActiveCfg = Debug|Any CPU
		{55D98C95-E02E-44DA-9906-A8E44A8AC655}.Debug|Any CPU.Build.0 = Debug|Any CPU
		{55D98C95-E02E-44DA-9906-A8E44A8AC655}.Release|Any CPU.ActiveCfg = Release|Any CPU
		{55D98C95-E02E-44DA-9906-A8E44A8AC655}.Release|Any CPU.Build.0 = Release|Any CPU
	EndGlobalSection
	GlobalSection(SolutionProperties) = preSolution
		HideSolutionNode = FALSE
	EndGlobalSection
	GlobalSection(ExtensibilityGlobals) = postSolution
		SolutionGuid = {C8E0D973-A83A-4947-9079-B02F0DF93F1A}
	EndGlobalSection
EndGlobal
